// !$*UTF8*$!
{
	archiveVersion = 1;
	classes = {
	};
	objectVersion = 51;
	objects = {

/* Begin PBXBuildFile section */
		232E92EA0BA27CF018DDD908 /* Pods_HonestTests.framework in Frameworks */ = {isa = PBXBuildFile; fileRef = BB0971058147E0F6E3DC8276 /* Pods_HonestTests.framework */; };
		74F67DAA86B6FA6FF36A2A8B /* Pods_Honest.framework in Frameworks */ = {isa = PBXBuildFile; fileRef = 42AD8D0B5178A5C458FAFE02 /* Pods_Honest.framework */; };
		7700FA562364A698003770C9 /* checkmark.jpg in Resources */ = {isa = PBXBuildFile; fileRef = 7700FA552364A698003770C9 /* checkmark.jpg */; };
		771E1D632364B2B7005ECABE /* redcheck.png in Resources */ = {isa = PBXBuildFile; fileRef = 771E1D622364B2B7005ECABE /* redcheck.png */; };
		771E1D652364B3EA005ECABE /* LoginViewController.swift in Sources */ = {isa = PBXBuildFile; fileRef = 771E1D642364B3EA005ECABE /* LoginViewController.swift */; };
		7740BF612363A31700435F30 /* AppDelegate.swift in Sources */ = {isa = PBXBuildFile; fileRef = 7740BF602363A31700435F30 /* AppDelegate.swift */; };
		7740BF632363A31700435F30 /* SceneDelegate.swift in Sources */ = {isa = PBXBuildFile; fileRef = 7740BF622363A31700435F30 /* SceneDelegate.swift */; };
		7740BF652363A31700435F30 /* ViewController.swift in Sources */ = {isa = PBXBuildFile; fileRef = 7740BF642363A31700435F30 /* ViewController.swift */; };
		7740BF682363A31700435F30 /* Main.storyboard in Resources */ = {isa = PBXBuildFile; fileRef = 7740BF662363A31700435F30 /* Main.storyboard */; };
		7740BF6A2363A31900435F30 /* Assets.xcassets in Resources */ = {isa = PBXBuildFile; fileRef = 7740BF692363A31900435F30 /* Assets.xcassets */; };
		7740BF782363A31900435F30 /* HonestTests.swift in Sources */ = {isa = PBXBuildFile; fileRef = 7740BF772363A31900435F30 /* HonestTests.swift */; };
		7740BF832363A31900435F30 /* HonestUITests.swift in Sources */ = {isa = PBXBuildFile; fileRef = 7740BF822363A31900435F30 /* HonestUITests.swift */; };
		8916E84E2363A7C7007093DA /* ScannerViewController.swift in Sources */ = {isa = PBXBuildFile; fileRef = 8916E84D2363A7C7007093DA /* ScannerViewController.swift */; };
		89734EE72365692700CDE87E /* GoogleService-Info.plist in Resources */ = {isa = PBXBuildFile; fileRef = 89734EE62365692700CDE87E /* GoogleService-Info.plist */; };
		89734EE82365692700CDE87E /* GoogleService-Info.plist in Resources */ = {isa = PBXBuildFile; fileRef = 89734EE62365692700CDE87E /* GoogleService-Info.plist */; };
		89734EE92365692700CDE87E /* GoogleService-Info.plist in Resources */ = {isa = PBXBuildFile; fileRef = 89734EE62365692700CDE87E /* GoogleService-Info.plist */; };
		89A0D2AE2364D2C4003FCBAB /* Model.xcdatamodeld in Sources */ = {isa = PBXBuildFile; fileRef = 89A0D2AC2364D2C4003FCBAB /* Model.xcdatamodeld */; };
		89E622FB2363EE6600E42CAF /* hi.jpg in Resources */ = {isa = PBXBuildFile; fileRef = 89E622FA2363EE6600E42CAF /* hi.jpg */; };
		89E622FF23640D6800E42CAF /* AdderViewController.swift in Sources */ = {isa = PBXBuildFile; fileRef = 89E622FE23640D6800E42CAF /* AdderViewController.swift */; };
		AC29D7B92223F3E0D378ECBC /* Pods_Honest_HonestUITests.framework in Frameworks */ = {isa = PBXBuildFile; fileRef = 0A1B7B0123AE855407071716 /* Pods_Honest_HonestUITests.framework */; };
/* End PBXBuildFile section */

/* Begin PBXContainerItemProxy section */
		7740BF742363A31900435F30 /* PBXContainerItemProxy */ = {
			isa = PBXContainerItemProxy;
			containerPortal = 7740BF552363A31700435F30 /* Project object */;
			proxyType = 1;
			remoteGlobalIDString = 7740BF5C2363A31700435F30;
			remoteInfo = Honest;
		};
		7740BF7F2363A31900435F30 /* PBXContainerItemProxy */ = {
			isa = PBXContainerItemProxy;
			containerPortal = 7740BF552363A31700435F30 /* Project object */;
			proxyType = 1;
			remoteGlobalIDString = 7740BF5C2363A31700435F30;
			remoteInfo = Honest;
		};
/* End PBXContainerItemProxy section */

/* Begin PBXFileReference section */
		0A1B7B0123AE855407071716 /* Pods_Honest_HonestUITests.framework */ = {isa = PBXFileReference; explicitFileType = wrapper.framework; includeInIndex = 0; path = Pods_Honest_HonestUITests.framework; sourceTree = BUILT_PRODUCTS_DIR; };
		1D6131BD423A87DBBF71B658 /* Pods-HonestTests.release.xcconfig */ = {isa = PBXFileReference; includeInIndex = 1; lastKnownFileType = text.xcconfig; name = "Pods-HonestTests.release.xcconfig"; path = "Target Support Files/Pods-HonestTests/Pods-HonestTests.release.xcconfig"; sourceTree = "<group>"; };
		4164956F97277B70A1D7F4E1 /* Pods-Honest.release.xcconfig */ = {isa = PBXFileReference; includeInIndex = 1; lastKnownFileType = text.xcconfig; name = "Pods-Honest.release.xcconfig"; path = "Target Support Files/Pods-Honest/Pods-Honest.release.xcconfig"; sourceTree = "<group>"; };
		42AD8D0B5178A5C458FAFE02 /* Pods_Honest.framework */ = {isa = PBXFileReference; explicitFileType = wrapper.framework; includeInIndex = 0; path = Pods_Honest.framework; sourceTree = BUILT_PRODUCTS_DIR; };
		76A39CEDDC25E9B7F28DE8D4 /* Pods-Honest.debug.xcconfig */ = {isa = PBXFileReference; includeInIndex = 1; lastKnownFileType = text.xcconfig; name = "Pods-Honest.debug.xcconfig"; path = "Target Support Files/Pods-Honest/Pods-Honest.debug.xcconfig"; sourceTree = "<group>"; };
		7700FA552364A698003770C9 /* checkmark.jpg */ = {isa = PBXFileReference; lastKnownFileType = image.jpeg; path = checkmark.jpg; sourceTree = "<group>"; };
		771E1D622364B2B7005ECABE /* redcheck.png */ = {isa = PBXFileReference; lastKnownFileType = image.png; name = redcheck.png; path = ../../../../Downloads/redcheck.png; sourceTree = "<group>"; };
		771E1D642364B3EA005ECABE /* LoginViewController.swift */ = {isa = PBXFileReference; lastKnownFileType = sourcecode.swift; path = LoginViewController.swift; sourceTree = "<group>"; };
		7740BF5D2363A31700435F30 /* Honest.app */ = {isa = PBXFileReference; explicitFileType = wrapper.application; includeInIndex = 0; path = Honest.app; sourceTree = BUILT_PRODUCTS_DIR; };
		7740BF602363A31700435F30 /* AppDelegate.swift */ = {isa = PBXFileReference; lastKnownFileType = sourcecode.swift; path = AppDelegate.swift; sourceTree = "<group>"; };
		7740BF622363A31700435F30 /* SceneDelegate.swift */ = {isa = PBXFileReference; lastKnownFileType = sourcecode.swift; path = SceneDelegate.swift; sourceTree = "<group>"; };
		7740BF642363A31700435F30 /* ViewController.swift */ = {isa = PBXFileReference; lastKnownFileType = sourcecode.swift; path = ViewController.swift; sourceTree = "<group>"; };
		7740BF672363A31700435F30 /* Base */ = {isa = PBXFileReference; lastKnownFileType = file.storyboard; name = Base; path = Base.lproj/Main.storyboard; sourceTree = "<group>"; };
		7740BF692363A31900435F30 /* Assets.xcassets */ = {isa = PBXFileReference; lastKnownFileType = folder.assetcatalog; path = Assets.xcassets; sourceTree = "<group>"; };
		7740BF6E2363A31900435F30 /* Info.plist */ = {isa = PBXFileReference; lastKnownFileType = text.plist.xml; path = Info.plist; sourceTree = "<group>"; };
		7740BF732363A31900435F30 /* HonestTests.xctest */ = {isa = PBXFileReference; explicitFileType = wrapper.cfbundle; includeInIndex = 0; path = HonestTests.xctest; sourceTree = BUILT_PRODUCTS_DIR; };
		7740BF772363A31900435F30 /* HonestTests.swift */ = {isa = PBXFileReference; lastKnownFileType = sourcecode.swift; path = HonestTests.swift; sourceTree = "<group>"; };
		7740BF792363A31900435F30 /* Info.plist */ = {isa = PBXFileReference; lastKnownFileType = text.plist.xml; path = Info.plist; sourceTree = "<group>"; };
		7740BF7E2363A31900435F30 /* HonestUITests.xctest */ = {isa = PBXFileReference; explicitFileType = wrapper.cfbundle; includeInIndex = 0; path = HonestUITests.xctest; sourceTree = BUILT_PRODUCTS_DIR; };
		7740BF822363A31900435F30 /* HonestUITests.swift */ = {isa = PBXFileReference; lastKnownFileType = sourcecode.swift; path = HonestUITests.swift; sourceTree = "<group>"; };
		7740BF842363A31900435F30 /* Info.plist */ = {isa = PBXFileReference; lastKnownFileType = text.plist.xml; path = Info.plist; sourceTree = "<group>"; };
		8916E84D2363A7C7007093DA /* ScannerViewController.swift */ = {isa = PBXFileReference; lastKnownFileType = sourcecode.swift; path = ScannerViewController.swift; sourceTree = "<group>"; };
		89734EE62365692700CDE87E /* GoogleService-Info.plist */ = {isa = PBXFileReference; fileEncoding = 4; lastKnownFileType = text.plist.xml; path = "GoogleService-Info.plist"; sourceTree = "<group>"; };
		89A0D2AD2364D2C4003FCBAB /* Model.xcdatamodel */ = {isa = PBXFileReference; lastKnownFileType = wrapper.xcdatamodel; path = Model.xcdatamodel; sourceTree = "<group>"; };
		89E622FA2363EE6600E42CAF /* hi.jpg */ = {isa = PBXFileReference; lastKnownFileType = image.jpeg; path = hi.jpg; sourceTree = "<group>"; };
		89E622FE23640D6800E42CAF /* AdderViewController.swift */ = {isa = PBXFileReference; lastKnownFileType = sourcecode.swift; path = AdderViewController.swift; sourceTree = "<group>"; };
		B55B799D2652E2BC45B104AF /* Pods-Honest-HonestUITests.release.xcconfig */ = {isa = PBXFileReference; includeInIndex = 1; lastKnownFileType = text.xcconfig; name = "Pods-Honest-HonestUITests.release.xcconfig"; path = "Target Support Files/Pods-Honest-HonestUITests/Pods-Honest-HonestUITests.release.xcconfig"; sourceTree = "<group>"; };
		BB0971058147E0F6E3DC8276 /* Pods_HonestTests.framework */ = {isa = PBXFileReference; explicitFileType = wrapper.framework; includeInIndex = 0; path = Pods_HonestTests.framework; sourceTree = BUILT_PRODUCTS_DIR; };
		BEB1B0B6FEF1C67302CB07B4 /* Pods-HonestTests.debug.xcconfig */ = {isa = PBXFileReference; includeInIndex = 1; lastKnownFileType = text.xcconfig; name = "Pods-HonestTests.debug.xcconfig"; path = "Target Support Files/Pods-HonestTests/Pods-HonestTests.debug.xcconfig"; sourceTree = "<group>"; };
		DF20B2879E897389CE679573 /* Pods-Honest-HonestUITests.debug.xcconfig */ = {isa = PBXFileReference; includeInIndex = 1; lastKnownFileType = text.xcconfig; name = "Pods-Honest-HonestUITests.debug.xcconfig"; path = "Target Support Files/Pods-Honest-HonestUITests/Pods-Honest-HonestUITests.debug.xcconfig"; sourceTree = "<group>"; };
/* End PBXFileReference section */

/* Begin PBXFrameworksBuildPhase section */
		7740BF5A2363A31700435F30 /* Frameworks */ = {
			isa = PBXFrameworksBuildPhase;
			buildActionMask = 2147483647;
			files = (
				74F67DAA86B6FA6FF36A2A8B /* Pods_Honest.framework in Frameworks */,
			);
			runOnlyForDeploymentPostprocessing = 0;
		};
		7740BF702363A31900435F30 /* Frameworks */ = {
			isa = PBXFrameworksBuildPhase;
			buildActionMask = 2147483647;
			files = (
				232E92EA0BA27CF018DDD908 /* Pods_HonestTests.framework in Frameworks */,
			);
			runOnlyForDeploymentPostprocessing = 0;
		};
		7740BF7B2363A31900435F30 /* Frameworks */ = {
			isa = PBXFrameworksBuildPhase;
			buildActionMask = 2147483647;
			files = (
				AC29D7B92223F3E0D378ECBC /* Pods_Honest_HonestUITests.framework in Frameworks */,
			);
			runOnlyForDeploymentPostprocessing = 0;
		};
/* End PBXFrameworksBuildPhase section */

/* Begin PBXGroup section */
		7740BF542363A31700435F30 = {
			isa = PBXGroup;
			children = (
				7740BF5F2363A31700435F30 /* Honest */,
				7740BF762363A31900435F30 /* HonestTests */,
				7740BF812363A31900435F30 /* HonestUITests */,
				7740BF5E2363A31700435F30 /* Products */,
				8B8C07B70A0D65D9A181841A /* Pods */,
				F8910903D08696815EDC40E6 /* Frameworks */,
			);
			sourceTree = "<group>";
		};
		7740BF5E2363A31700435F30 /* Products */ = {
			isa = PBXGroup;
			children = (
				7740BF5D2363A31700435F30 /* Honest.app */,
				7740BF732363A31900435F30 /* HonestTests.xctest */,
				7740BF7E2363A31900435F30 /* HonestUITests.xctest */,
			);
			name = Products;
			sourceTree = "<group>";
		};
		7740BF5F2363A31700435F30 /* Honest */ = {
			isa = PBXGroup;
			children = (
				771E1D622364B2B7005ECABE /* redcheck.png */,
				89734EE62365692700CDE87E /* GoogleService-Info.plist */,
				7700FA552364A698003770C9 /* checkmark.jpg */,
				89E622FA2363EE6600E42CAF /* hi.jpg */,
				7740BF602363A31700435F30 /* AppDelegate.swift */,
				7740BF622363A31700435F30 /* SceneDelegate.swift */,
				890C4E3B2363DE8200D59246 /* Storyboards */,
				7740BF642363A31700435F30 /* ViewController.swift */,
				89E622FE23640D6800E42CAF /* AdderViewController.swift */,
				7740BF692363A31900435F30 /* Assets.xcassets */,
				7740BF6E2363A31900435F30 /* Info.plist */,
				89A0D2AC2364D2C4003FCBAB /* Model.xcdatamodeld */,
				8916E84D2363A7C7007093DA /* ScannerViewController.swift */,
				771E1D642364B3EA005ECABE /* LoginViewController.swift */,
			);
			path = Honest;
			sourceTree = "<group>";
		};
		7740BF762363A31900435F30 /* HonestTests */ = {
			isa = PBXGroup;
			children = (
				7740BF772363A31900435F30 /* HonestTests.swift */,
				7740BF792363A31900435F30 /* Info.plist */,
			);
			path = HonestTests;
			sourceTree = "<group>";
		};
		7740BF812363A31900435F30 /* HonestUITests */ = {
			isa = PBXGroup;
			children = (
				7740BF822363A31900435F30 /* HonestUITests.swift */,
				7740BF842363A31900435F30 /* Info.plist */,
			);
			path = HonestUITests;
			sourceTree = "<group>";
		};
		890C4E3B2363DE8200D59246 /* Storyboards */ = {
			isa = PBXGroup;
			children = (
				7740BF662363A31700435F30 /* Main.storyboard */,
			);
			path = Storyboards;
			sourceTree = "<group>";
		};
		8B8C07B70A0D65D9A181841A /* Pods */ = {
			isa = PBXGroup;
			children = (
				76A39CEDDC25E9B7F28DE8D4 /* Pods-Honest.debug.xcconfig */,
				4164956F97277B70A1D7F4E1 /* Pods-Honest.release.xcconfig */,
				DF20B2879E897389CE679573 /* Pods-Honest-HonestUITests.debug.xcconfig */,
				B55B799D2652E2BC45B104AF /* Pods-Honest-HonestUITests.release.xcconfig */,
				BEB1B0B6FEF1C67302CB07B4 /* Pods-HonestTests.debug.xcconfig */,
				1D6131BD423A87DBBF71B658 /* Pods-HonestTests.release.xcconfig */,
			);
			path = Pods;
			sourceTree = "<group>";
		};
		F8910903D08696815EDC40E6 /* Frameworks */ = {
			isa = PBXGroup;
			children = (
				42AD8D0B5178A5C458FAFE02 /* Pods_Honest.framework */,
				0A1B7B0123AE855407071716 /* Pods_Honest_HonestUITests.framework */,
				BB0971058147E0F6E3DC8276 /* Pods_HonestTests.framework */,
			);
			name = Frameworks;
			sourceTree = "<group>";
		};
/* End PBXGroup section */

/* Begin PBXNativeTarget section */
		7740BF5C2363A31700435F30 /* Honest */ = {
			isa = PBXNativeTarget;
			buildConfigurationList = 7740BF872363A31900435F30 /* Build configuration list for PBXNativeTarget "Honest" */;
			buildPhases = (
				070739D07815DD6C253367FA /* [CP] Check Pods Manifest.lock */,
				7740BF592363A31700435F30 /* Sources */,
				7740BF5A2363A31700435F30 /* Frameworks */,
				7740BF5B2363A31700435F30 /* Resources */,
				33572A1020C199D00E0225DE /* [CP] Embed Pods Frameworks */,
			);
			buildRules = (
			);
			dependencies = (
			);
			name = Honest;
			productName = Honest;
			productReference = 7740BF5D2363A31700435F30 /* Honest.app */;
			productType = "com.apple.product-type.application";
		};
		7740BF722363A31900435F30 /* HonestTests */ = {
			isa = PBXNativeTarget;
			buildConfigurationList = 7740BF8A2363A31900435F30 /* Build configuration list for PBXNativeTarget "HonestTests" */;
			buildPhases = (
				A080674C8810E3C080BDA972 /* [CP] Check Pods Manifest.lock */,
				7740BF6F2363A31900435F30 /* Sources */,
				7740BF702363A31900435F30 /* Frameworks */,
				7740BF712363A31900435F30 /* Resources */,
			);
			buildRules = (
			);
			dependencies = (
				7740BF752363A31900435F30 /* PBXTargetDependency */,
			);
			name = HonestTests;
			productName = HonestTests;
			productReference = 7740BF732363A31900435F30 /* HonestTests.xctest */;
			productType = "com.apple.product-type.bundle.unit-test";
		};
		7740BF7D2363A31900435F30 /* HonestUITests */ = {
			isa = PBXNativeTarget;
			buildConfigurationList = 7740BF8D2363A31900435F30 /* Build configuration list for PBXNativeTarget "HonestUITests" */;
			buildPhases = (
				CCE1B2BC7A33F348535A54DA /* [CP] Check Pods Manifest.lock */,
				7740BF7A2363A31900435F30 /* Sources */,
				7740BF7B2363A31900435F30 /* Frameworks */,
				7740BF7C2363A31900435F30 /* Resources */,
				6B7690692127F2948B0F0E46 /* [CP] Embed Pods Frameworks */,
			);
			buildRules = (
			);
			dependencies = (
				7740BF802363A31900435F30 /* PBXTargetDependency */,
			);
			name = HonestUITests;
			productName = HonestUITests;
			productReference = 7740BF7E2363A31900435F30 /* HonestUITests.xctest */;
			productType = "com.apple.product-type.bundle.ui-testing";
		};
/* End PBXNativeTarget section */

/* Begin PBXProject section */
		7740BF552363A31700435F30 /* Project object */ = {
			isa = PBXProject;
			attributes = {
				LastSwiftUpdateCheck = 1110;
				LastUpgradeCheck = 1110;
				ORGANIZATIONNAME = "Arthur Goldblatt";
				TargetAttributes = {
					7740BF5C2363A31700435F30 = {
						CreatedOnToolsVersion = 11.1;
					};
					7740BF722363A31900435F30 = {
						CreatedOnToolsVersion = 11.1;
						TestTargetID = 7740BF5C2363A31700435F30;
					};
					7740BF7D2363A31900435F30 = {
						CreatedOnToolsVersion = 11.1;
						TestTargetID = 7740BF5C2363A31700435F30;
					};
				};
			};
			buildConfigurationList = 7740BF582363A31700435F30 /* Build configuration list for PBXProject "Honest" */;
			compatibilityVersion = "Xcode 9.3";
			developmentRegion = en;
			hasScannedForEncodings = 0;
			knownRegions = (
				en,
				Base,
			);
			mainGroup = 7740BF542363A31700435F30;
			productRefGroup = 7740BF5E2363A31700435F30 /* Products */;
			projectDirPath = "";
			projectRoot = "";
			targets = (
				7740BF5C2363A31700435F30 /* Honest */,
				7740BF722363A31900435F30 /* HonestTests */,
				7740BF7D2363A31900435F30 /* HonestUITests */,
			);
		};
/* End PBXProject section */

/* Begin PBXResourcesBuildPhase section */
		7740BF5B2363A31700435F30 /* Resources */ = {
			isa = PBXResourcesBuildPhase;
			buildActionMask = 2147483647;
			files = (
				7740BF6A2363A31900435F30 /* Assets.xcassets in Resources */,
				771E1D632364B2B7005ECABE /* redcheck.png in Resources */,
				7700FA562364A698003770C9 /* checkmark.jpg in Resources */,
				7740BF682363A31700435F30 /* Main.storyboard in Resources */,
				89E622FB2363EE6600E42CAF /* hi.jpg in Resources */,
				89734EE72365692700CDE87E /* GoogleService-Info.plist in Resources */,
			);
			runOnlyForDeploymentPostprocessing = 0;
		};
		7740BF712363A31900435F30 /* Resources */ = {
			isa = PBXResourcesBuildPhase;
			buildActionMask = 2147483647;
			files = (
				89734EE82365692700CDE87E /* GoogleService-Info.plist in Resources */,
			);
			runOnlyForDeploymentPostprocessing = 0;
		};
		7740BF7C2363A31900435F30 /* Resources */ = {
			isa = PBXResourcesBuildPhase;
			buildActionMask = 2147483647;
			files = (
				89734EE92365692700CDE87E /* GoogleService-Info.plist in Resources */,
			);
			runOnlyForDeploymentPostprocessing = 0;
		};
/* End PBXResourcesBuildPhase section */

/* Begin PBXShellScriptBuildPhase section */
		070739D07815DD6C253367FA /* [CP] Check Pods Manifest.lock */ = {
			isa = PBXShellScriptBuildPhase;
			buildActionMask = 2147483647;
			files = (
			);
			inputFileListPaths = (
			);
			inputPaths = (
				"${PODS_PODFILE_DIR_PATH}/Podfile.lock",
				"${PODS_ROOT}/Manifest.lock",
			);
			name = "[CP] Check Pods Manifest.lock";
			outputFileListPaths = (
			);
			outputPaths = (
				"$(DERIVED_FILE_DIR)/Pods-Honest-checkManifestLockResult.txt",
			);
			runOnlyForDeploymentPostprocessing = 0;
			shellPath = /bin/sh;
			shellScript = "diff \"${PODS_PODFILE_DIR_PATH}/Podfile.lock\" \"${PODS_ROOT}/Manifest.lock\" > /dev/null\nif [ $? != 0 ] ; then\n    # print error to STDERR\n    echo \"error: The sandbox is not in sync with the Podfile.lock. Run 'pod install' or update your CocoaPods installation.\" >&2\n    exit 1\nfi\n# This output is used by Xcode 'outputs' to avoid re-running this script phase.\necho \"SUCCESS\" > \"${SCRIPT_OUTPUT_FILE_0}\"\n";
			showEnvVarsInLog = 0;
		};
		33572A1020C199D00E0225DE /* [CP] Embed Pods Frameworks */ = {
			isa = PBXShellScriptBuildPhase;
			buildActionMask = 2147483647;
			files = (
			);
			inputFileListPaths = (
				"${PODS_ROOT}/Target Support Files/Pods-Honest/Pods-Honest-frameworks-${CONFIGURATION}-input-files.xcfilelist",
			);
			name = "[CP] Embed Pods Frameworks";
			outputFileListPaths = (
				"${PODS_ROOT}/Target Support Files/Pods-Honest/Pods-Honest-frameworks-${CONFIGURATION}-output-files.xcfilelist",
			);
			runOnlyForDeploymentPostprocessing = 0;
			shellPath = /bin/sh;
			shellScript = "\"${PODS_ROOT}/Target Support Files/Pods-Honest/Pods-Honest-frameworks.sh\"\n";
			showEnvVarsInLog = 0;
		};
		6B7690692127F2948B0F0E46 /* [CP] Embed Pods Frameworks */ = {
			isa = PBXShellScriptBuildPhase;
			buildActionMask = 2147483647;
			files = (
			);
			inputFileListPaths = (
				"${PODS_ROOT}/Target Support Files/Pods-Honest-HonestUITests/Pods-Honest-HonestUITests-frameworks-${CONFIGURATION}-input-files.xcfilelist",
			);
			name = "[CP] Embed Pods Frameworks";
			outputFileListPaths = (
				"${PODS_ROOT}/Target Support Files/Pods-Honest-HonestUITests/Pods-Honest-HonestUITests-frameworks-${CONFIGURATION}-output-files.xcfilelist",
			);
			runOnlyForDeploymentPostprocessing = 0;
			shellPath = /bin/sh;
			shellScript = "\"${PODS_ROOT}/Target Support Files/Pods-Honest-HonestUITests/Pods-Honest-HonestUITests-frameworks.sh\"\n";
			showEnvVarsInLog = 0;
		};
		A080674C8810E3C080BDA972 /* [CP] Check Pods Manifest.lock */ = {
			isa = PBXShellScriptBuildPhase;
			buildActionMask = 2147483647;
			files = (
			);
			inputFileListPaths = (
			);
			inputPaths = (
				"${PODS_PODFILE_DIR_PATH}/Podfile.lock",
				"${PODS_ROOT}/Manifest.lock",
			);
			name = "[CP] Check Pods Manifest.lock";
			outputFileListPaths = (
			);
			outputPaths = (
				"$(DERIVED_FILE_DIR)/Pods-HonestTests-checkManifestLockResult.txt",
			);
			runOnlyForDeploymentPostprocessing = 0;
			shellPath = /bin/sh;
			shellScript = "diff \"${PODS_PODFILE_DIR_PATH}/Podfile.lock\" \"${PODS_ROOT}/Manifest.lock\" > /dev/null\nif [ $? != 0 ] ; then\n    # print error to STDERR\n    echo \"error: The sandbox is not in sync with the Podfile.lock. Run 'pod install' or update your CocoaPods installation.\" >&2\n    exit 1\nfi\n# This output is used by Xcode 'outputs' to avoid re-running this script phase.\necho \"SUCCESS\" > \"${SCRIPT_OUTPUT_FILE_0}\"\n";
			showEnvVarsInLog = 0;
		};
		CCE1B2BC7A33F348535A54DA /* [CP] Check Pods Manifest.lock */ = {
			isa = PBXShellScriptBuildPhase;
			buildActionMask = 2147483647;
			files = (
			);
			inputFileListPaths = (
			);
			inputPaths = (
				"${PODS_PODFILE_DIR_PATH}/Podfile.lock",
				"${PODS_ROOT}/Manifest.lock",
			);
			name = "[CP] Check Pods Manifest.lock";
			outputFileListPaths = (
			);
			outputPaths = (
				"$(DERIVED_FILE_DIR)/Pods-Honest-HonestUITests-checkManifestLockResult.txt",
			);
			runOnlyForDeploymentPostprocessing = 0;
			shellPath = /bin/sh;
			shellScript = "diff \"${PODS_PODFILE_DIR_PATH}/Podfile.lock\" \"${PODS_ROOT}/Manifest.lock\" > /dev/null\nif [ $? != 0 ] ; then\n    # print error to STDERR\n    echo \"error: The sandbox is not in sync with the Podfile.lock. Run 'pod install' or update your CocoaPods installation.\" >&2\n    exit 1\nfi\n# This output is used by Xcode 'outputs' to avoid re-running this script phase.\necho \"SUCCESS\" > \"${SCRIPT_OUTPUT_FILE_0}\"\n";
			showEnvVarsInLog = 0;
		};
/* End PBXShellScriptBuildPhase section */

/* Begin PBXSourcesBuildPhase section */
		7740BF592363A31700435F30 /* Sources */ = {
			isa = PBXSourcesBuildPhase;
			buildActionMask = 2147483647;
			files = (
				771E1D652364B3EA005ECABE /* LoginViewController.swift in Sources */,
				89E622FF23640D6800E42CAF /* AdderViewController.swift in Sources */,
				7740BF652363A31700435F30 /* ViewController.swift in Sources */,
				7740BF612363A31700435F30 /* AppDelegate.swift in Sources */,
				7740BF632363A31700435F30 /* SceneDelegate.swift in Sources */,
				8916E84E2363A7C7007093DA /* ScannerViewController.swift in Sources */,
				89A0D2AE2364D2C4003FCBAB /* Model.xcdatamodeld in Sources */,
			);
			runOnlyForDeploymentPostprocessing = 0;
		};
		7740BF6F2363A31900435F30 /* Sources */ = {
			isa = PBXSourcesBuildPhase;
			buildActionMask = 2147483647;
			files = (
				7740BF782363A31900435F30 /* HonestTests.swift in Sources */,
			);
			runOnlyForDeploymentPostprocessing = 0;
		};
		7740BF7A2363A31900435F30 /* Sources */ = {
			isa = PBXSourcesBuildPhase;
			buildActionMask = 2147483647;
			files = (
				7740BF832363A31900435F30 /* HonestUITests.swift in Sources */,
			);
			runOnlyForDeploymentPostprocessing = 0;
		};
/* End PBXSourcesBuildPhase section */

/* Begin PBXTargetDependency section */
		7740BF752363A31900435F30 /* PBXTargetDependency */ = {
			isa = PBXTargetDependency;
			target = 7740BF5C2363A31700435F30 /* Honest */;
			targetProxy = 7740BF742363A31900435F30 /* PBXContainerItemProxy */;
		};
		7740BF802363A31900435F30 /* PBXTargetDependency */ = {
			isa = PBXTargetDependency;
			target = 7740BF5C2363A31700435F30 /* Honest */;
			targetProxy = 7740BF7F2363A31900435F30 /* PBXContainerItemProxy */;
		};
/* End PBXTargetDependency section */

/* Begin PBXVariantGroup section */
		7740BF662363A31700435F30 /* Main.storyboard */ = {
			isa = PBXVariantGroup;
			children = (
				7740BF672363A31700435F30 /* Base */,
			);
			name = Main.storyboard;
			sourceTree = "<group>";
		};
/* End PBXVariantGroup section */

/* Begin XCBuildConfiguration section */
		7740BF852363A31900435F30 /* Debug */ = {
			isa = XCBuildConfiguration;
			buildSettings = {
				ALWAYS_SEARCH_USER_PATHS = NO;
				CLANG_ANALYZER_NONNULL = YES;
				CLANG_ANALYZER_NUMBER_OBJECT_CONVERSION = YES_AGGRESSIVE;
				CLANG_CXX_LANGUAGE_STANDARD = "gnu++14";
				CLANG_CXX_LIBRARY = "libc++";
				CLANG_ENABLE_MODULES = YES;
				CLANG_ENABLE_OBJC_ARC = YES;
				CLANG_ENABLE_OBJC_WEAK = YES;
				CLANG_WARN_BLOCK_CAPTURE_AUTORELEASING = YES;
				CLANG_WARN_BOOL_CONVERSION = YES;
				CLANG_WARN_COMMA = YES;
				CLANG_WARN_CONSTANT_CONVERSION = YES;
				CLANG_WARN_DEPRECATED_OBJC_IMPLEMENTATIONS = YES;
				CLANG_WARN_DIRECT_OBJC_ISA_USAGE = YES_ERROR;
				CLANG_WARN_DOCUMENTATION_COMMENTS = YES;
				CLANG_WARN_EMPTY_BODY = YES;
				CLANG_WARN_ENUM_CONVERSION = YES;
				CLANG_WARN_INFINITE_RECURSION = YES;
				CLANG_WARN_INT_CONVERSION = YES;
				CLANG_WARN_NON_LITERAL_NULL_CONVERSION = YES;
				CLANG_WARN_OBJC_IMPLICIT_RETAIN_SELF = YES;
				CLANG_WARN_OBJC_LITERAL_CONVERSION = YES;
				CLANG_WARN_OBJC_ROOT_CLASS = YES_ERROR;
				CLANG_WARN_RANGE_LOOP_ANALYSIS = YES;
				CLANG_WARN_STRICT_PROTOTYPES = YES;
				CLANG_WARN_SUSPICIOUS_MOVE = YES;
				CLANG_WARN_UNGUARDED_AVAILABILITY = YES_AGGRESSIVE;
				CLANG_WARN_UNREACHABLE_CODE = YES;
				CLANG_WARN__DUPLICATE_METHOD_MATCH = YES;
				COPY_PHASE_STRIP = NO;
				DEBUG_INFORMATION_FORMAT = dwarf;
				ENABLE_STRICT_OBJC_MSGSEND = YES;
				ENABLE_TESTABILITY = YES;
				GCC_C_LANGUAGE_STANDARD = gnu11;
				GCC_DYNAMIC_NO_PIC = NO;
				GCC_NO_COMMON_BLOCKS = YES;
				GCC_OPTIMIZATION_LEVEL = 0;
				GCC_PREPROCESSOR_DEFINITIONS = (
					"DEBUG=1",
					"$(inherited)",
				);
				GCC_WARN_64_TO_32_BIT_CONVERSION = YES;
				GCC_WARN_ABOUT_RETURN_TYPE = YES_ERROR;
				GCC_WARN_UNDECLARED_SELECTOR = YES;
				GCC_WARN_UNINITIALIZED_AUTOS = YES_AGGRESSIVE;
				GCC_WARN_UNUSED_FUNCTION = YES;
				GCC_WARN_UNUSED_VARIABLE = YES;
				IPHONEOS_DEPLOYMENT_TARGET = 13.0;
				MTL_ENABLE_DEBUG_INFO = INCLUDE_SOURCE;
				MTL_FAST_MATH = YES;
				ONLY_ACTIVE_ARCH = YES;
				SDKROOT = iphoneos;
				SWIFT_ACTIVE_COMPILATION_CONDITIONS = DEBUG;
				SWIFT_OPTIMIZATION_LEVEL = "-Onone";
			};
			name = Debug;
		};
		7740BF862363A31900435F30 /* Release */ = {
			isa = XCBuildConfiguration;
			buildSettings = {
				ALWAYS_SEARCH_USER_PATHS = NO;
				CLANG_ANALYZER_NONNULL = YES;
				CLANG_ANALYZER_NUMBER_OBJECT_CONVERSION = YES_AGGRESSIVE;
				CLANG_CXX_LANGUAGE_STANDARD = "gnu++14";
				CLANG_CXX_LIBRARY = "libc++";
				CLANG_ENABLE_MODULES = YES;
				CLANG_ENABLE_OBJC_ARC = YES;
				CLANG_ENABLE_OBJC_WEAK = YES;
				CLANG_WARN_BLOCK_CAPTURE_AUTORELEASING = YES;
				CLANG_WARN_BOOL_CONVERSION = YES;
				CLANG_WARN_COMMA = YES;
				CLANG_WARN_CONSTANT_CONVERSION = YES;
				CLANG_WARN_DEPRECATED_OBJC_IMPLEMENTATIONS = YES;
				CLANG_WARN_DIRECT_OBJC_ISA_USAGE = YES_ERROR;
				CLANG_WARN_DOCUMENTATION_COMMENTS = YES;
				CLANG_WARN_EMPTY_BODY = YES;
				CLANG_WARN_ENUM_CONVERSION = YES;
				CLANG_WARN_INFINITE_RECURSION = YES;
				CLANG_WARN_INT_CONVERSION = YES;
				CLANG_WARN_NON_LITERAL_NULL_CONVERSION = YES;
				CLANG_WARN_OBJC_IMPLICIT_RETAIN_SELF = YES;
				CLANG_WARN_OBJC_LITERAL_CONVERSION = YES;
				CLANG_WARN_OBJC_ROOT_CLASS = YES_ERROR;
				CLANG_WARN_RANGE_LOOP_ANALYSIS = YES;
				CLANG_WARN_STRICT_PROTOTYPES = YES;
				CLANG_WARN_SUSPICIOUS_MOVE = YES;
				CLANG_WARN_UNGUARDED_AVAILABILITY = YES_AGGRESSIVE;
				CLANG_WARN_UNREACHABLE_CODE = YES;
				CLANG_WARN__DUPLICATE_METHOD_MATCH = YES;
				COPY_PHASE_STRIP = NO;
				DEBUG_INFORMATION_FORMAT = "dwarf-with-dsym";
				ENABLE_NS_ASSERTIONS = NO;
				ENABLE_STRICT_OBJC_MSGSEND = YES;
				GCC_C_LANGUAGE_STANDARD = gnu11;
				GCC_NO_COMMON_BLOCKS = YES;
				GCC_WARN_64_TO_32_BIT_CONVERSION = YES;
				GCC_WARN_ABOUT_RETURN_TYPE = YES_ERROR;
				GCC_WARN_UNDECLARED_SELECTOR = YES;
				GCC_WARN_UNINITIALIZED_AUTOS = YES_AGGRESSIVE;
				GCC_WARN_UNUSED_FUNCTION = YES;
				GCC_WARN_UNUSED_VARIABLE = YES;
				IPHONEOS_DEPLOYMENT_TARGET = 13.0;
				MTL_ENABLE_DEBUG_INFO = NO;
				MTL_FAST_MATH = YES;
				SDKROOT = iphoneos;
				SWIFT_COMPILATION_MODE = wholemodule;
				SWIFT_OPTIMIZATION_LEVEL = "-O";
				VALIDATE_PRODUCT = YES;
			};
			name = Release;
		};
		7740BF882363A31900435F30 /* Debug */ = {
			isa = XCBuildConfiguration;
			baseConfigurationReference = 76A39CEDDC25E9B7F28DE8D4 /* Pods-Honest.debug.xcconfig */;
			buildSettings = {
				ASSETCATALOG_COMPILER_APPICON_NAME = AppIcon;
				CODE_SIGN_STYLE = Automatic;
				DEVELOPMENT_TEAM = R38YSAACD6;
				INFOPLIST_FILE = Honest/Info.plist;
				IPHONEOS_DEPLOYMENT_TARGET = 13.0;
				LD_RUNPATH_SEARCH_PATHS = (
					"$(inherited)",
					"@executable_path/Frameworks",
				);
				PRODUCT_BUNDLE_IDENTIFIER = anthonybajoua.honest;
				PRODUCT_NAME = "$(TARGET_NAME)";
				SWIFT_VERSION = 5.0;
				TARGETED_DEVICE_FAMILY = "1,2";
			};
			name = Debug;
		};
		7740BF892363A31900435F30 /* Release */ = {
			isa = XCBuildConfiguration;
			baseConfigurationReference = 4164956F97277B70A1D7F4E1 /* Pods-Honest.release.xcconfig */;
			buildSettings = {
				ASSETCATALOG_COMPILER_APPICON_NAME = AppIcon;
				CODE_SIGN_STYLE = Automatic;
				DEVELOPMENT_TEAM = R38YSAACD6;
				INFOPLIST_FILE = Honest/Info.plist;
				IPHONEOS_DEPLOYMENT_TARGET = 13.0;
				LD_RUNPATH_SEARCH_PATHS = (
					"$(inherited)",
					"@executable_path/Frameworks",
				);
				PRODUCT_BUNDLE_IDENTIFIER = anthonybajoua.honest;
				PRODUCT_NAME = "$(TARGET_NAME)";
				SWIFT_VERSION = 5.0;
				TARGETED_DEVICE_FAMILY = "1,2";
			};
			name = Release;
		};
		7740BF8B2363A31900435F30 /* Debug */ = {
			isa = XCBuildConfiguration;
			baseConfigurationReference = BEB1B0B6FEF1C67302CB07B4 /* Pods-HonestTests.debug.xcconfig */;
			buildSettings = {
				ALWAYS_EMBED_SWIFT_STANDARD_LIBRARIES = YES;
				BUNDLE_LOADER = "$(TEST_HOST)";
				CODE_SIGN_STYLE = Automatic;
				INFOPLIST_FILE = HonestTests/Info.plist;
				IPHONEOS_DEPLOYMENT_TARGET = 13.1;
				LD_RUNPATH_SEARCH_PATHS = (
					"$(inherited)",
					"@executable_path/Frameworks",
					"@loader_path/Frameworks",
				);
				PRODUCT_BUNDLE_IDENTIFIER = arthurgoldblatt.HonestTests;
				PRODUCT_NAME = "$(TARGET_NAME)";
				SWIFT_VERSION = 5.0;
				TARGETED_DEVICE_FAMILY = "1,2";
				TEST_HOST = "$(BUILT_PRODUCTS_DIR)/Honest.app/Honest";
			};
			name = Debug;
		};
		7740BF8C2363A31900435F30 /* Release */ = {
			isa = XCBuildConfiguration;
			baseConfigurationReference = 1D6131BD423A87DBBF71B658 /* Pods-HonestTests.release.xcconfig */;
			buildSettings = {
				ALWAYS_EMBED_SWIFT_STANDARD_LIBRARIES = YES;
				BUNDLE_LOADER = "$(TEST_HOST)";
				CODE_SIGN_STYLE = Automatic;
				INFOPLIST_FILE = HonestTests/Info.plist;
				IPHONEOS_DEPLOYMENT_TARGET = 13.1;
				LD_RUNPATH_SEARCH_PATHS = (
					"$(inherited)",
					"@executable_path/Frameworks",
					"@loader_path/Frameworks",
				);
				PRODUCT_BUNDLE_IDENTIFIER = arthurgoldblatt.HonestTests;
				PRODUCT_NAME = "$(TARGET_NAME)";
				SWIFT_VERSION = 5.0;
				TARGETED_DEVICE_FAMILY = "1,2";
				TEST_HOST = "$(BUILT_PRODUCTS_DIR)/Honest.app/Honest";
			};
			name = Release;
		};
		7740BF8E2363A31900435F30 /* Debug */ = {
			isa = XCBuildConfiguration;
			baseConfigurationReference = DF20B2879E897389CE679573 /* Pods-Honest-HonestUITests.debug.xcconfig */;
			buildSettings = {
				ALWAYS_EMBED_SWIFT_STANDARD_LIBRARIES = YES;
				CODE_SIGN_STYLE = Automatic;
				INFOPLIST_FILE = HonestUITests/Info.plist;
				LD_RUNPATH_SEARCH_PATHS = (
					"$(inherited)",
					"@executable_path/Frameworks",
					"@loader_path/Frameworks",
				);
				PRODUCT_BUNDLE_IDENTIFIER = arthurgoldblatt.HonestUITests;
				PRODUCT_NAME = "$(TARGET_NAME)";
				SWIFT_VERSION = 5.0;
				TARGETED_DEVICE_FAMILY = "1,2";
				TEST_TARGET_NAME = Honest;
			};
			name = Debug;
		};
		7740BF8F2363A31900435F30 /* Release */ = {
			isa = XCBuildConfiguration;
			baseConfigurationReference = B55B799D2652E2BC45B104AF /* Pods-Honest-HonestUITests.release.xcconfig */;
			buildSettings = {
				ALWAYS_EMBED_SWIFT_STANDARD_LIBRARIES = YES;
				CODE_SIGN_STYLE = Automatic;
				INFOPLIST_FILE = HonestUITests/Info.plist;
				LD_RUNPATH_SEARCH_PATHS = (
					"$(inherited)",
					"@executable_path/Frameworks",
					"@loader_path/Frameworks",
				);
				PRODUCT_BUNDLE_IDENTIFIER = arthurgoldblatt.HonestUITests;
				PRODUCT_NAME = "$(TARGET_NAME)";
				SWIFT_VERSION = 5.0;
				TARGETED_DEVICE_FAMILY = "1,2";
				TEST_TARGET_NAME = Honest;
			};
			name = Release;
		};
/* End XCBuildConfiguration section */

/* Begin XCConfigurationList section */
		7740BF582363A31700435F30 /* Build configuration list for PBXProject "Honest" */ = {
			isa = XCConfigurationList;
			buildConfigurations = (
				7740BF852363A31900435F30 /* Debug */,
				7740BF862363A31900435F30 /* Release */,
			);
			defaultConfigurationIsVisible = 0;
			defaultConfigurationName = Release;
		};
		7740BF872363A31900435F30 /* Build configuration list for PBXNativeTarget "Honest" */ = {
			isa = XCConfigurationList;
			buildConfigurations = (
				7740BF882363A31900435F30 /* Debug */,
				7740BF892363A31900435F30 /* Release */,
			);
			defaultConfigurationIsVisible = 0;
			defaultConfigurationName = Release;
		};
		7740BF8A2363A31900435F30 /* Build configuration list for PBXNativeTarget "HonestTests" */ = {
			isa = XCConfigurationList;
			buildConfigurations = (
				7740BF8B2363A31900435F30 /* Debug */,
				7740BF8C2363A31900435F30 /* Release */,
			);
			defaultConfigurationIsVisible = 0;
			defaultConfigurationName = Release;
		};
		7740BF8D2363A31900435F30 /* Build configuration list for PBXNativeTarget "HonestUITests" */ = {
			isa = XCConfigurationList;
			buildConfigurations = (
				7740BF8E2363A31900435F30 /* Debug */,
				7740BF8F2363A31900435F30 /* Release */,
			);
			defaultConfigurationIsVisible = 0;
			defaultConfigurationName = Release;
		};
/* End XCConfigurationList section */

/* Begin XCVersionGroup section */
		89A0D2AC2364D2C4003FCBAB /* Model.xcdatamodeld */ = {
			isa = XCVersionGroup;
			children = (
				89A0D2AD2364D2C4003FCBAB /* Model.xcdatamodel */,
			);
			currentVersion = 89A0D2AD2364D2C4003FCBAB /* Model.xcdatamodel */;
			path = Model.xcdatamodeld;
			sourceTree = "<group>";
			versionGroupType = wrapper.xcdatamodel;
		};
/* End XCVersionGroup section */
	};
	rootObject = 7740BF552363A31700435F30 /* Project object */;
}
